
Microsoft Visual Studio Solution File, Format Version 12.00
# Visual Studio Version 16
VisualStudioVersion = 16.0.31613.86
MinimumVisualStudioVersion = 10.0.40219.1
Project("{9A19103F-16F7-4668-BE54-9A1E7A4F7556}") = "BatchReplaceTool", "BatchReplaceTool\BatchReplaceTool.csproj", "{D2859812-9866-4E5B-A230-A1C073B935D7}"
EndProject
Global
	GlobalSection(SolutionConfigurationPlatforms) = preSolution
		Debug|Any CPU = Debug|Any CPU
		Release|Any CPU = Release|Any CPU
	EndGlobalSection
	GlobalSection(ProjectConfigurationPlatforms) = postSolution
		{D2859812-9866-4E5B-A230-A1C073B935D7}.Debug|Any CPU.ActiveCfg = Debug|Any CPU
		{D2859812-9866-4E5B-A230-A1C073B935D7}.Debug|Any CPU.Build.0 = Debug|Any CPU
		{D2859812-9866-4E5B-A230-A1C073B935D7}.Release|Any CPU.ActiveCfg = Release|Any CPU
		{D2859812-9866-4E5B-A230-A1C073B935D7}.Release|Any CPU.Build.0 = Release|Any CPU
	EndGlobalSection
	GlobalSection(SolutionProperties) = preSolution
		HideSolutionNode = FALSE
	EndGlobalSection
	GlobalSection(ExtensibilityGlobals) = postSolution
		SolutionGuid = {40A884B0-1FF1-4C0F-ACE0-47A6E0AD8331}
	EndGlobalSection
EndGlobal
